
Microsoft Visual Studio Solution File, Format Version 12.00
# Visual Studio 15
VisualStudioVersion = 15.0.28307.136
MinimumVisualStudioVersion = 10.0.40219.1
Project("{9A19103F-16F7-4668-BE54-9A1E7A4F7556}") = "BookOrders", "BookOrders\BookOrders.csproj", "{5843B5E9-0C6D-408E-B344-7F64CF829908}"
EndProject
Global
	GlobalSection(SolutionConfigurationPlatforms) = preSolution
		Debug|Any CPU = Debug|Any CPU
		Release|Any CPU = Release|Any CPU
	EndGlobalSection
	GlobalSection(ProjectConfigurationPlatforms) = postSolution
		{5843B5E9-0C6D-408E-B344-7F64CF829908}.Debug|Any CPU.ActiveCfg = Debug|Any CPU
		{5843B5E9-0C6D-408E-B344-7F64CF829908}.Debug|Any CPU.Build.0 = Debug|Any CPU
		{5843B5E9-0C6D-408E-B344-7F64CF829908}.Release|Any CPU.ActiveCfg = Release|Any CPU
		{5843B5E9-0C6D-408E-B344-7F64CF829908}.Release|Any CPU.Build.0 = Release|Any CPU
	EndGlobalSection
	GlobalSection(SolutionProperties) = preSolution
		HideSolutionNode = FALSE
	EndGlobalSection
	GlobalSection(ExtensibilityGlobals) = postSolution
		SolutionGuid = {546AD0E0-1E26-48DD-9D60-1A0037A2A894}
	EndGlobalSection
EndGlobal
